
Microsoft Visual Studio Solution File, Format Version 12.00
# Visual Studio Version 17
VisualStudioVersion = 17.0.31903.59
MinimumVisualStudioVersion = 10.0.40219.1
Project("{FAE04EC0-301F-11D3-BF4B-00C04F79EFBC}") = "api.service.vm.domain", "api.service.vm.domain\api.service.vm.domain.csproj", "{2B0662B8-AD04-4576-895A-563449D178FA}"
EndProject
Project("{FAE04EC0-301F-11D3-BF4B-00C04F79EFBC}") = "api.service.vm.infrastructure", "api.service.vm.infrastructure\api.service.vm.infrastructure.csproj", "{A691CDEC-E2D1-477F-A77C-1C32BCA5FC94}"
EndProject
Project("{FAE04EC0-301F-11D3-BF4B-00C04F79EFBC}") = "api.service.vm.application", "api.service.vm.application\api.service.vm.application.csproj", "{EB12E2DD-7FAD-42B2-A279-B202E91D4C14}"
EndProject
Project("{FAE04EC0-301F-11D3-BF4B-00C04F79EFBC}") = "api.service.vm.presentation", "api.service.vm.presentation\api.service.vm.presentation.csproj", "{70811332-A6E9-4EC7-90CA-EA8BAFAE4C27}"
EndProject
Global
	GlobalSection(SolutionConfigurationPlatforms) = preSolution
		Debug|Any CPU = Debug|Any CPU
		Debug|x64 = Debug|x64
		Debug|x86 = Debug|x86
		Release|Any CPU = Release|Any CPU
		Release|x64 = Release|x64
		Release|x86 = Release|x86
	EndGlobalSection
	GlobalSection(ProjectConfigurationPlatforms) = postSolution
		{2B0662B8-AD04-4576-895A-563449D178FA}.Debug|Any CPU.ActiveCfg = Debug|Any CPU
		{2B0662B8-AD04-4576-895A-563449D178FA}.Debug|Any CPU.Build.0 = Debug|Any CPU
		{2B0662B8-AD04-4576-895A-563449D178FA}.Debug|x64.ActiveCfg = Debug|Any CPU
		{2B0662B8-AD04-4576-895A-563449D178FA}.Debug|x64.Build.0 = Debug|Any CPU
		{2B0662B8-AD04-4576-895A-563449D178FA}.Debug|x86.ActiveCfg = Debug|Any CPU
		{2B0662B8-AD04-4576-895A-563449D178FA}.Debug|x86.Build.0 = Debug|Any CPU
		{2B0662B8-AD04-4576-895A-563449D178FA}.Release|Any CPU.ActiveCfg = Release|Any CPU
		{2B0662B8-AD04-4576-895A-563449D178FA}.Release|Any CPU.Build.0 = Release|Any CPU
		{2B0662B8-AD04-4576-895A-563449D178FA}.Release|x64.ActiveCfg = Release|Any CPU
		{2B0662B8-AD04-4576-895A-563449D178FA}.Release|x64.Build.0 = Release|Any CPU
		{2B0662B8-AD04-4576-895A-563449D178FA}.Release|x86.ActiveCfg = Release|Any CPU
		{2B0662B8-AD04-4576-895A-563449D178FA}.Release|x86.Build.0 = Release|Any CPU
		{A691CDEC-E2D1-477F-A77C-1C32BCA5FC94}.Debug|Any CPU.ActiveCfg = Debug|Any CPU
		{A691CDEC-E2D1-477F-A77C-1C32BCA5FC94}.Debug|Any CPU.Build.0 = Debug|Any CPU
		{A691CDEC-E2D1-477F-A77C-1C32BCA5FC94}.Debug|x64.ActiveCfg = Debug|Any CPU
		{A691CDEC-E2D1-477F-A77C-1C32BCA5FC94}.Debug|x64.Build.0 = Debug|Any CPU
		{A691CDEC-E2D1-477F-A77C-1C32BCA5FC94}.Debug|x86.ActiveCfg = Debug|Any CPU
		{A691CDEC-E2D1-477F-A77C-1C32BCA5FC94}.Debug|x86.Build.0 = Debug|Any CPU
		{A691CDEC-E2D1-477F-A77C-1C32BCA5FC94}.Release|Any CPU.ActiveCfg = Release|Any CPU
		{A691CDEC-E2D1-477F-A77C-1C32BCA5FC94}.Release|Any CPU.Build.0 = Release|Any CPU
		{A691CDEC-E2D1-477F-A77C-1C32BCA5FC94}.Release|x64.ActiveCfg = Release|Any CPU
		{A691CDEC-E2D1-477F-A77C-1C32BCA5FC94}.Release|x64.Build.0 = Release|Any CPU
		{A691CDEC-E2D1-477F-A77C-1C32BCA5FC94}.Release|x86.ActiveCfg = Release|Any CPU
		{A691CDEC-E2D1-477F-A77C-1C32BCA5FC94}.Release|x86.Build.0 = Release|Any CPU
		{EB12E2DD-7FAD-42B2-A279-B202E91D4C14}.Debug|Any CPU.ActiveCfg = Debug|Any CPU
		{EB12E2DD-7FAD-42B2-A279-B202E91D4C14}.Debug|Any CPU.Build.0 = Debug|Any CPU
		{EB12E2DD-7FAD-42B2-A279-B202E91D4C14}.Debug|x64.ActiveCfg = Debug|Any CPU
		{EB12E2DD-7FAD-42B2-A279-B202E91D4C14}.Debug|x64.Build.0 = Debug|Any CPU
		{EB12E2DD-7FAD-42B2-A279-B202E91D4C14}.Debug|x86.ActiveCfg = Debug|Any CPU
		{EB12E2DD-7FAD-42B2-A279-B202E91D4C14}.Debug|x86.Build.0 = Debug|Any CPU
		{EB12E2DD-7FAD-42B2-A279-B202E91D4C14}.Release|Any CPU.ActiveCfg = Release|Any CPU
		{EB12E2DD-7FAD-42B2-A279-B202E91D4C14}.Release|Any CPU.Build.0 = Release|Any CPU
		{EB12E2DD-7FAD-42B2-A279-B202E91D4C14}.Release|x64.ActiveCfg = Release|Any CPU
		{EB12E2DD-7FAD-42B2-A279-B202E91D4C14}.Release|x64.Build.0 = Release|Any CPU
		{EB12E2DD-7FAD-42B2-A279-B202E91D4C14}.Release|x86.ActiveCfg = Release|Any CPU
		{EB12E2DD-7FAD-42B2-A279-B202E91D4C14}.Release|x86.Build.0 = Release|Any CPU
		{70811332-A6E9-4EC7-90CA-EA8BAFAE4C27}.Debug|Any CPU.ActiveCfg = Debug|Any CPU
		{70811332-A6E9-4EC7-90CA-EA8BAFAE4C27}.Debug|Any CPU.Build.0 = Debug|Any CPU
		{70811332-A6E9-4EC7-90CA-EA8BAFAE4C27}.Debug|x64.ActiveCfg = Debug|Any CPU
		{70811332-A6E9-4EC7-90CA-EA8BAFAE4C27}.Debug|x64.Build.0 = Debug|Any CPU
		{70811332-A6E9-4EC7-90CA-EA8BAFAE4C27}.Debug|x86.ActiveCfg = Debug|Any CPU
		{70811332-A6E9-4EC7-90CA-EA8BAFAE4C27}.Debug|x86.Build.0 = Debug|Any CPU
		{70811332-A6E9-4EC7-90CA-EA8BAFAE4C27}.Release|Any CPU.ActiveCfg = Release|Any CPU
		{70811332-A6E9-4EC7-90CA-EA8BAFAE4C27}.Release|Any CPU.Build.0 = Release|Any CPU
		{70811332-A6E9-4EC7-90CA-EA8BAFAE4C27}.Release|x64.ActiveCfg = Release|Any CPU
		{70811332-A6E9-4EC7-90CA-EA8BAFAE4C27}.Release|x64.Build.0 = Release|Any CPU
		{70811332-A6E9-4EC7-90CA-EA8BAFAE4C27}.Release|x86.ActiveCfg = Release|Any CPU
		{70811332-A6E9-4EC7-90CA-EA8BAFAE4C27}.Release|x86.Build.0 = Release|Any CPU
	EndGlobalSection
	GlobalSection(SolutionProperties) = preSolution
		HideSolutionNode = FALSE
	EndGlobalSection
EndGlobal
